
Microsoft Visual Studio Solution File, Format Version 12.00
# Visual Studio Version 17
VisualStudioVersion = 17.14.36908.2
MinimumVisualStudioVersion = 10.0.40219.1
Project("{8BC9CEB8-8B4A-11D0-8D11-00A0C91BC942}") = "Fizzbuzz", "early_stuff.vcxproj", "{665A967A-08D0-D55B-AD15-F1B8896A5A69}"
EndProject
Project("{8BC9CEB8-8B4A-11D0-8D11-00A0C91BC942}") = "printarray", "..\printarray\printarray.vcxproj", "{D5BA7A0B-3CA3-40CE-A657-F8085E4653D5}"
EndProject
Project("{8BC9CEB8-8B4A-11D0-8D11-00A0C91BC942}") = "minimum", "..\minimum\minimum.vcxproj", "{0F0D7D3F-BD38-42C4-BEB9-BF05339DC975}"
EndProject
Project("{8BC9CEB8-8B4A-11D0-8D11-00A0C91BC942}") = "statistics", "..\statistics\statistics.vcxproj", "{017DCCC8-5208-43D7-A37F-0DF79BF070E6}"
EndProject
Global
	GlobalSection(SolutionConfigurationPlatforms) = preSolution
		Debug|x64 = Debug|x64
		Debug|x86 = Debug|x86
		Release|x64 = Release|x64
		Release|x86 = Release|x86
	EndGlobalSection
	GlobalSection(ProjectConfigurationPlatforms) = postSolution
		{665A967A-08D0-D55B-AD15-F1B8896A5A69}.Debug|x64.ActiveCfg = Debug|x64
		{665A967A-08D0-D55B-AD15-F1B8896A5A69}.Debug|x64.Build.0 = Debug|x64
		{665A967A-08D0-D55B-AD15-F1B8896A5A69}.Debug|x86.ActiveCfg = Debug|Win32
		{665A967A-08D0-D55B-AD15-F1B8896A5A69}.Debug|x86.Build.0 = Debug|Win32
		{665A967A-08D0-D55B-AD15-F1B8896A5A69}.Release|x64.ActiveCfg = Release|x64
		{665A967A-08D0-D55B-AD15-F1B8896A5A69}.Release|x64.Build.0 = Release|x64
		{665A967A-08D0-D55B-AD15-F1B8896A5A69}.Release|x86.ActiveCfg = Release|Win32
		{665A967A-08D0-D55B-AD15-F1B8896A5A69}.Release|x86.Build.0 = Release|Win32
		{D5BA7A0B-3CA3-40CE-A657-F8085E4653D5}.Debug|x64.ActiveCfg = Debug|x64
		{D5BA7A0B-3CA3-40CE-A657-F8085E4653D5}.Debug|x64.Build.0 = Debug|x64
		{D5BA7A0B-3CA3-40CE-A657-F8085E4653D5}.Debug|x86.ActiveCfg = Debug|Win32
		{D5BA7A0B-3CA3-40CE-A657-F8085E4653D5}.Debug|x86.Build.0 = Debug|Win32
		{D5BA7A0B-3CA3-40CE-A657-F8085E4653D5}.Release|x64.ActiveCfg = Release|x64
		{D5BA7A0B-3CA3-40CE-A657-F8085E4653D5}.Release|x64.Build.0 = Release|x64
		{D5BA7A0B-3CA3-40CE-A657-F8085E4653D5}.Release|x86.ActiveCfg = Release|Win32
		{D5BA7A0B-3CA3-40CE-A657-F8085E4653D5}.Release|x86.Build.0 = Release|Win32
		{0F0D7D3F-BD38-42C4-BEB9-BF05339DC975}.Debug|x64.ActiveCfg = Debug|x64
		{0F0D7D3F-BD38-42C4-BEB9-BF05339DC975}.Debug|x64.Build.0 = Debug|x64
		{0F0D7D3F-BD38-42C4-BEB9-BF05339DC975}.Debug|x86.ActiveCfg = Debug|Win32
		{0F0D7D3F-BD38-42C4-BEB9-BF05339DC975}.Debug|x86.Build.0 = Debug|Win32
		{0F0D7D3F-BD38-42C4-BEB9-BF05339DC975}.Release|x64.ActiveCfg = Release|x64
		{0F0D7D3F-BD38-42C4-BEB9-BF05339DC975}.Release|x64.Build.0 = Release|x64
		{0F0D7D3F-BD38-42C4-BEB9-BF05339DC975}.Release|x86.ActiveCfg = Release|Win32
		{0F0D7D3F-BD38-42C4-BEB9-BF05339DC975}.Release|x86.Build.0 = Release|Win32
		{017DCCC8-5208-43D7-A37F-0DF79BF070E6}.Debug|x64.ActiveCfg = Debug|x64
		{017DCCC8-5208-43D7-A37F-0DF79BF070E6}.Debug|x64.Build.0 = Debug|x64
		{017DCCC8-5208-43D7-A37F-0DF79BF070E6}.Debug|x86.ActiveCfg = Debug|Win32
		{017DCCC8-5208-43D7-A37F-0DF79BF070E6}.Debug|x86.Build.0 = Debug|Win32
		{017DCCC8-5208-43D7-A37F-0DF79BF070E6}.Release|x64.ActiveCfg = Release|x64
		{017DCCC8-5208-43D7-A37F-0DF79BF070E6}.Release|x64.Build.0 = Release|x64
		{017DCCC8-5208-43D7-A37F-0DF79BF070E6}.Release|x86.ActiveCfg = Release|Win32
		{017DCCC8-5208-43D7-A37F-0DF79BF070E6}.Release|x86.Build.0 = Release|Win32
	EndGlobalSection
	GlobalSection(SolutionProperties) = preSolution
		HideSolutionNode = FALSE
	EndGlobalSection
	GlobalSection(ExtensibilityGlobals) = postSolution
		SolutionGuid = {0EF71FF5-C8C0-41EE-A37B-5DB18D34001A}
	EndGlobalSection
EndGlobal
